# Placeholder lockfile. Run `pnpm i` to regenerate with exact versions.
lockfileVersion: '9.0'
settings:
  autoInstallPeers: true
  excludeLinksFromLockfile: false
importers:
  .:
    dependencies:
      next:
        specifier: ^14.2.7
        version: 14.2.7
      react:
        specifier: ^18.2.0
        version: 18.2.0
      react-dom:
        specifier: ^18.2.0
        version: 18.2.0
    devDependencies:
      typescript:
        specifier: ^5.4.5
        version: 5.4.5
      eslint:
        specifier: ^8.57.0
        version: 8.57.0
      eslint-config-next:
        specifier: ^14.2.7
        version: 14.2.7
      tailwindcss:
        specifier: ^3.4.10
        version: 3.4.10
      autoprefixer:
        specifier: ^10.4.20
        version: 10.4.20
      postcss:
        specifier: ^8.4.47
        version: 8.4.47
      prettier:
        specifier: ^3.2.5
        version: 3.2.5
      @types/node:
        specifier: ^20.12.12
        version: 20.12.12
      @types/react:
        specifier: ^18.2.66
        version: 18.2.66
      @types/react-dom:
        specifier: ^18.2.22
        version: 18.2.22

