{
  "name": "netlify-local-plugins",
  "version": "1.0.0",
  "lockfileVersion": 3,
  "requires": true,
  "packages": {
    "": {
      "name": "netlify-local-plugins",
      "version": "1.0.0",
      "license": "MIT",
      "dependencies": {
        "@netlify/plugin-nextjs": "5.13.5"
      }
    },
    "node_modules/@netlify/plugin-nextjs": {
      "version": "5.13.5",
      "resolved": "https://registry.npmjs.org/@netlify/plugin-nextjs/-/plugin-nextjs-5.13.5.tgz",
      "integrity": "sha512-zuP4sqckaeJ8rtiNYwoOpQnEb/8E4Ewf+FJDxts2s6gfgmXGuk4W5ViKZtITWWjuzxqbxG+p4t20PXltIyeJBA==",
      "license": "MIT",
      "engines": {
        "node": ">=18.0.0"
      }
    }
  }
}
